{
  "name": "kado",
  "version": "4.3.3",
  "lockfileVersion": 2,
  "requires": true,
  "packages": {
    "": {
      "name": "kado",
      "version": "4.3.3",
      "license": "LGPL-3.0",
      "devDependencies": {
        "lazy": "^1.0.11"
      },
      "engines": {
        "node": ">=10"
      }
    },
    "node_modules/lazy": {
      "version": "1.0.11",
      "resolved": "https://registry.npmjs.org/lazy/-/lazy-1.0.11.tgz",
      "integrity": "sha1-2qBoIGKCVCwIgojpdcKXwa53tpA=",
      "dev": true,
      "engines": {
        "node": ">=0.2.0"
      }
    }
  },
  "dependencies": {
    "lazy": {
      "version": "1.0.11",
      "resolved": "https://registry.npmjs.org/lazy/-/lazy-1.0.11.tgz",
      "integrity": "sha1-2qBoIGKCVCwIgojpdcKXwa53tpA=",
      "dev": true
    }
  }
}
